
Microsoft Visual Studio Solution File, Format Version 12.00
# Visual Studio Version 16
VisualStudioVersion = 16.0.29709.97
MinimumVisualStudioVersion = 10.0.40219.1
Project("{8BC9CEB8-8B4A-11D0-8D11-00A0C91BC942}") = "03-2 Destructor", "03-2 Destructor\03-2 Destructor.vcxproj", "{A2BD1D71-9C53-4636-8F8F-B6E5BE5E6BDC}"
EndProject
Global
	GlobalSection(SolutionConfigurationPlatforms) = preSolution
		Debug|x64 = Debug|x64
		Debug|x86 = Debug|x86
		Release|x64 = Release|x64
		Release|x86 = Release|x86
	EndGlobalSection
	GlobalSection(ProjectConfigurationPlatforms) = postSolution
		{A2BD1D71-9C53-4636-8F8F-B6E5BE5E6BDC}.Debug|x64.ActiveCfg = Debug|x64
		{A2BD1D71-9C53-4636-8F8F-B6E5BE5E6BDC}.Debug|x64.Build.0 = Debug|x64
		{A2BD1D71-9C53-4636-8F8F-B6E5BE5E6BDC}.Debug|x86.ActiveCfg = Debug|Win32
		{A2BD1D71-9C53-4636-8F8F-B6E5BE5E6BDC}.Debug|x86.Build.0 = Debug|Win32
		{A2BD1D71-9C53-4636-8F8F-B6E5BE5E6BDC}.Release|x64.ActiveCfg = Release|x64
		{A2BD1D71-9C53-4636-8F8F-B6E5BE5E6BDC}.Release|x64.Build.0 = Release|x64
		{A2BD1D71-9C53-4636-8F8F-B6E5BE5E6BDC}.Release|x86.ActiveCfg = Release|Win32
		{A2BD1D71-9C53-4636-8F8F-B6E5BE5E6BDC}.Release|x86.Build.0 = Release|Win32
	EndGlobalSection
	GlobalSection(SolutionProperties) = preSolution
		HideSolutionNode = FALSE
	EndGlobalSection
	GlobalSection(ExtensibilityGlobals) = postSolution
		SolutionGuid = {50850F23-E425-4486-8F0F-22D690D85F8A}
	EndGlobalSection
EndGlobal
